
Microsoft Visual Studio Solution File, Format Version 12.00
# Visual Studio 15
VisualStudioVersion = 15.0.28307.329
MinimumVisualStudioVersion = 10.0.40219.1
Project("{FAE04EC0-301F-11D3-BF4B-00C04F79EFBC}") = "Task1", "ConsoleApp1\Task1.csproj", "{C3C2D568-8EF7-40E7-8E64-514524BC06EC}"
EndProject
Global
	GlobalSection(SolutionConfigurationPlatforms) = preSolution
		Debug|Any CPU = Debug|Any CPU
		Release|Any CPU = Release|Any CPU
	EndGlobalSection
	GlobalSection(ProjectConfigurationPlatforms) = postSolution
		{C3C2D568-8EF7-40E7-8E64-514524BC06EC}.Debug|Any CPU.ActiveCfg = Debug|Any CPU
		{C3C2D568-8EF7-40E7-8E64-514524BC06EC}.Debug|Any CPU.Build.0 = Debug|Any CPU
		{C3C2D568-8EF7-40E7-8E64-514524BC06EC}.Release|Any CPU.ActiveCfg = Release|Any CPU
		{C3C2D568-8EF7-40E7-8E64-514524BC06EC}.Release|Any CPU.Build.0 = Release|Any CPU
	EndGlobalSection
	GlobalSection(SolutionProperties) = preSolution
		HideSolutionNode = FALSE
	EndGlobalSection
	GlobalSection(ExtensibilityGlobals) = postSolution
		SolutionGuid = {918511CA-1E09-403E-8439-6254FA00142F}
	EndGlobalSection
EndGlobal
