
Microsoft Visual Studio Solution File, Format Version 12.00
# Visual Studio 15
VisualStudioVersion = 15.0.28307.329
MinimumVisualStudioVersion = 10.0.40219.1
Project("{FAE04EC0-301F-11D3-BF4B-00C04F79EFBC}") = "Task2", "Task2\Task2.csproj", "{EBADF970-A2C3-4733-B929-A08477B587D4}"
EndProject
Global
	GlobalSection(SolutionConfigurationPlatforms) = preSolution
		Debug|Any CPU = Debug|Any CPU
		Release|Any CPU = Release|Any CPU
	EndGlobalSection
	GlobalSection(ProjectConfigurationPlatforms) = postSolution
		{EBADF970-A2C3-4733-B929-A08477B587D4}.Debug|Any CPU.ActiveCfg = Debug|Any CPU
		{EBADF970-A2C3-4733-B929-A08477B587D4}.Debug|Any CPU.Build.0 = Debug|Any CPU
		{EBADF970-A2C3-4733-B929-A08477B587D4}.Release|Any CPU.ActiveCfg = Release|Any CPU
		{EBADF970-A2C3-4733-B929-A08477B587D4}.Release|Any CPU.Build.0 = Release|Any CPU
	EndGlobalSection
	GlobalSection(SolutionProperties) = preSolution
		HideSolutionNode = FALSE
	EndGlobalSection
	GlobalSection(ExtensibilityGlobals) = postSolution
		SolutionGuid = {3978BC81-A1D9-4D0F-9C77-7DA005989DD4}
	EndGlobalSection
EndGlobal
