
Microsoft Visual Studio Solution File, Format Version 12.00
# Visual Studio 15
VisualStudioVersion = 15.0.28307.329
MinimumVisualStudioVersion = 10.0.40219.1
Project("{FAE04EC0-301F-11D3-BF4B-00C04F79EFBC}") = "Task1", "Task1\Task1.csproj", "{CEFC0983-E2E5-461A-8EB5-4C71F45EE13D}"
EndProject
Global
	GlobalSection(SolutionConfigurationPlatforms) = preSolution
		Debug|Any CPU = Debug|Any CPU
		Release|Any CPU = Release|Any CPU
	EndGlobalSection
	GlobalSection(ProjectConfigurationPlatforms) = postSolution
		{CEFC0983-E2E5-461A-8EB5-4C71F45EE13D}.Debug|Any CPU.ActiveCfg = Debug|Any CPU
		{CEFC0983-E2E5-461A-8EB5-4C71F45EE13D}.Debug|Any CPU.Build.0 = Debug|Any CPU
		{CEFC0983-E2E5-461A-8EB5-4C71F45EE13D}.Release|Any CPU.ActiveCfg = Release|Any CPU
		{CEFC0983-E2E5-461A-8EB5-4C71F45EE13D}.Release|Any CPU.Build.0 = Release|Any CPU
	EndGlobalSection
	GlobalSection(SolutionProperties) = preSolution
		HideSolutionNode = FALSE
	EndGlobalSection
	GlobalSection(ExtensibilityGlobals) = postSolution
		SolutionGuid = {161B0D4A-EEA3-4343-BB16-53DC3D6B1248}
	EndGlobalSection
EndGlobal
