
Microsoft Visual Studio Solution File, Format Version 12.00
# Visual Studio 15
VisualStudioVersion = 15.0.28307.329
MinimumVisualStudioVersion = 10.0.40219.1
Project("{FAE04EC0-301F-11D3-BF4B-00C04F79EFBC}") = "Task4", "Task4\Task4.csproj", "{9C81C008-DC7D-49CC-8485-E5AA88DF56DE}"
EndProject
Global
	GlobalSection(SolutionConfigurationPlatforms) = preSolution
		Debug|Any CPU = Debug|Any CPU
		Release|Any CPU = Release|Any CPU
	EndGlobalSection
	GlobalSection(ProjectConfigurationPlatforms) = postSolution
		{9C81C008-DC7D-49CC-8485-E5AA88DF56DE}.Debug|Any CPU.ActiveCfg = Debug|Any CPU
		{9C81C008-DC7D-49CC-8485-E5AA88DF56DE}.Debug|Any CPU.Build.0 = Debug|Any CPU
		{9C81C008-DC7D-49CC-8485-E5AA88DF56DE}.Release|Any CPU.ActiveCfg = Release|Any CPU
		{9C81C008-DC7D-49CC-8485-E5AA88DF56DE}.Release|Any CPU.Build.0 = Release|Any CPU
	EndGlobalSection
	GlobalSection(SolutionProperties) = preSolution
		HideSolutionNode = FALSE
	EndGlobalSection
	GlobalSection(ExtensibilityGlobals) = postSolution
		SolutionGuid = {D8A0C6B1-32E0-4C9A-B7D3-D90061057DD4}
	EndGlobalSection
EndGlobal
