
Microsoft Visual Studio Solution File, Format Version 12.00
# Visual Studio 15
VisualStudioVersion = 15.0.28307.329
MinimumVisualStudioVersion = 10.0.40219.1
Project("{FAE04EC0-301F-11D3-BF4B-00C04F79EFBC}") = "Task3", "Task3\Task3.csproj", "{CC1F6280-9A95-40C1-8C6B-B5BD7A79E9A8}"
EndProject
Global
	GlobalSection(SolutionConfigurationPlatforms) = preSolution
		Debug|Any CPU = Debug|Any CPU
		Release|Any CPU = Release|Any CPU
	EndGlobalSection
	GlobalSection(ProjectConfigurationPlatforms) = postSolution
		{CC1F6280-9A95-40C1-8C6B-B5BD7A79E9A8}.Debug|Any CPU.ActiveCfg = Debug|Any CPU
		{CC1F6280-9A95-40C1-8C6B-B5BD7A79E9A8}.Debug|Any CPU.Build.0 = Debug|Any CPU
		{CC1F6280-9A95-40C1-8C6B-B5BD7A79E9A8}.Release|Any CPU.ActiveCfg = Release|Any CPU
		{CC1F6280-9A95-40C1-8C6B-B5BD7A79E9A8}.Release|Any CPU.Build.0 = Release|Any CPU
	EndGlobalSection
	GlobalSection(SolutionProperties) = preSolution
		HideSolutionNode = FALSE
	EndGlobalSection
	GlobalSection(ExtensibilityGlobals) = postSolution
		SolutionGuid = {83260E79-B504-4485-A3F1-9EAC578D2887}
	EndGlobalSection
EndGlobal
